
Microsoft Visual Studio Solution File, Format Version 12.00
Project("{FAE04EC0-301F-11D3-BF4B-00C04F79EFBC}") = "TaxService", "TaxService\TaxService.csproj", "{260A547D-7162-42AA-8B10-DA5594D95E5A}"
EndProject
Project("{FAE04EC0-301F-11D3-BF4B-00C04F79EFBC}") = "TaxService.Test", "TaxService.Test\TaxService.Test.csproj", "{D5A0A96F-87D7-4EC6-8FE6-12690039FEE5}"
EndProject
Project("{FAE04EC0-301F-11D3-BF4B-00C04F79EFBC}") = "TaxService.Client", "TaxService.Client\TaxService.Client.csproj", "{BF80336B-1584-46FE-9B67-4A4E68F0FAF3}"
EndProject
Global
	GlobalSection(SolutionConfigurationPlatforms) = preSolution
		Debug|Any CPU = Debug|Any CPU
		Release|Any CPU = Release|Any CPU
	EndGlobalSection
	GlobalSection(ProjectConfigurationPlatforms) = postSolution
		{260A547D-7162-42AA-8B10-DA5594D95E5A}.Debug|Any CPU.ActiveCfg = Debug|Any CPU
		{260A547D-7162-42AA-8B10-DA5594D95E5A}.Debug|Any CPU.Build.0 = Debug|Any CPU
		{260A547D-7162-42AA-8B10-DA5594D95E5A}.Release|Any CPU.ActiveCfg = Release|Any CPU
		{260A547D-7162-42AA-8B10-DA5594D95E5A}.Release|Any CPU.Build.0 = Release|Any CPU
		{D5A0A96F-87D7-4EC6-8FE6-12690039FEE5}.Debug|Any CPU.ActiveCfg = Debug|Any CPU
		{D5A0A96F-87D7-4EC6-8FE6-12690039FEE5}.Debug|Any CPU.Build.0 = Debug|Any CPU
		{D5A0A96F-87D7-4EC6-8FE6-12690039FEE5}.Release|Any CPU.ActiveCfg = Release|Any CPU
		{D5A0A96F-87D7-4EC6-8FE6-12690039FEE5}.Release|Any CPU.Build.0 = Release|Any CPU
		{BF80336B-1584-46FE-9B67-4A4E68F0FAF3}.Debug|Any CPU.ActiveCfg = Debug|Any CPU
		{BF80336B-1584-46FE-9B67-4A4E68F0FAF3}.Debug|Any CPU.Build.0 = Debug|Any CPU
		{BF80336B-1584-46FE-9B67-4A4E68F0FAF3}.Release|Any CPU.ActiveCfg = Release|Any CPU
		{BF80336B-1584-46FE-9B67-4A4E68F0FAF3}.Release|Any CPU.Build.0 = Release|Any CPU
	EndGlobalSection
EndGlobal
